PODS:
  - Alamofire (5.0.2)
  - AlamofireImage (4.0.3):
    - Alamofire (< 6.0.0, >= 5.0.2)
  - SwiftLint (0.39.1)
  - Swinject (2.7.1)

DEPENDENCIES:
  - Alamofire (~> 5.0)
  - AlamofireImage (~> 4.0)
  - SwiftLint (= 0.39.1)
  - Swinject (= 2.7.1)

SPEC REPOS:
  trunk:
    - Alamofire
    - AlamofireImage
    - SwiftLint
    - Swinject

SPEC CHECKSUMS:
  Alamofire: 3ba7a4db18b4f62c4a1c0e1cb39d7f3d52e10ada
  AlamofireImage: 3d1a2010519e58675318735580eb856e88840ff7
  SwiftLint: 55e96a4a4d537d4a3156859fc1c54bd24851a046
  Swinject: ddf78b8486dd9b71a667b852cad919ab4484478e

PODFILE CHECKSUM: 426803232242cfd37232242d9d00537d0db2c014

COCOAPODS: 1.9.1
